
Microsoft Visual Studio Solution File, Format Version 12.00
# Visual Studio Version 17
VisualStudioVersion = 17.1.32328.378
MinimumVisualStudioVersion = 10.0.40219.1
Project("{FAE04EC0-301F-11D3-BF4B-00C04F79EFBC}") = "LineComparisionAssignment", "LineComparisionAssignment.csproj", "{FDEE17FC-C9AC-43FE-B0B4-24E8C26DBA29}"
EndProject
Global
	GlobalSection(SolutionConfigurationPlatforms) = preSolution
		Debug|Any CPU = Debug|Any CPU
		Release|Any CPU = Release|Any CPU
	EndGlobalSection
	GlobalSection(ProjectConfigurationPlatforms) = postSolution
		{FDEE17FC-C9AC-43FE-B0B4-24E8C26DBA29}.Debug|Any CPU.ActiveCfg = Debug|Any CPU
		{FDEE17FC-C9AC-43FE-B0B4-24E8C26DBA29}.Debug|Any CPU.Build.0 = Debug|Any CPU
		{FDEE17FC-C9AC-43FE-B0B4-24E8C26DBA29}.Release|Any CPU.ActiveCfg = Release|Any CPU
		{FDEE17FC-C9AC-43FE-B0B4-24E8C26DBA29}.Release|Any CPU.Build.0 = Release|Any CPU
	EndGlobalSection
	GlobalSection(SolutionProperties) = preSolution
		HideSolutionNode = FALSE
	EndGlobalSection
	GlobalSection(ExtensibilityGlobals) = postSolution
		SolutionGuid = {C247DE22-382B-4389-8390-F21C8128A642}
	EndGlobalSection
EndGlobal
